
Microsoft Visual Studio Solution File, Format Version 12.00
# Visual Studio Version 17
VisualStudioVersion = 17.1.32228.430
MinimumVisualStudioVersion = 10.0.40219.1
Project("{9A19103F-16F7-4668-BE54-9A1E7A4F7556}") = "noob", "noob\noob.csproj", "{5A00C8ED-5373-429D-8084-B9DBBCD2F1C7}"
EndProject
Project("{9A19103F-16F7-4668-BE54-9A1E7A4F7556}") = "noob.UnitTests", "noob.UnitTests\noob.UnitTests.csproj", "{B7CAE67B-B7C7-43D6-9FE8-200A99347124}"
EndProject
Project("{9A19103F-16F7-4668-BE54-9A1E7A4F7556}") = "noob.IntegrationTests", "noob.IntegrationTests\noob.IntegrationTests.csproj", "{9EA29486-3582-4F8B-883A-9439B05E163B}"
EndProject
Project("{9A19103F-16F7-4668-BE54-9A1E7A4F7556}") = "noob.Solid", "noob.Solid\noob.Solid.csproj", "{B5851CEE-FEEB-4FB7-9719-D298C74AF561}"
EndProject
Project("{FAE04EC0-301F-11D3-BF4B-00C04F79EFBC}") = "noob.Patterns", "noob.Patterns\noob.Patterns.csproj", "{2A43FDD2-8959-43F7-9AAB-DCFD66348F8C}"
EndProject
Project("{2150E333-8FDC-42A3-9474-1A3956D46DE8}") = "noob.Architecture", "noob.Architecture", "{55200B0B-3CC7-2E21-3882-4CF8C02D1184}"
EndProject
Project("{2150E333-8FDC-42A3-9474-1A3956D46DE8}") = "Hexagonal", "Hexagonal", "{533FCD0B-A74B-3EEB-B29B-BFF1CD33D804}"
EndProject
Project("{FAE04EC0-301F-11D3-BF4B-00C04F79EFBC}") = "noob.Architecture.Hexagonal", "noob.Architecture\Hexagonal\noob.Architecture.Hexagonal.csproj", "{E598108C-28FE-463F-9FBF-600D95437D53}"
EndProject
Project("{2150E333-8FDC-42A3-9474-1A3956D46DE8}") = "Onion", "Onion", "{C841710D-989F-CB63-8C93-82A13FA857C9}"
EndProject
Project("{FAE04EC0-301F-11D3-BF4B-00C04F79EFBC}") = "noob.Architecture.Onion", "noob.Architecture\Onion\noob.Architecture.Onion.csproj", "{98EC7515-3308-43F1-9F6B-9194EBE6C2B5}"
EndProject
Project("{2150E333-8FDC-42A3-9474-1A3956D46DE8}") = "Clean", "Clean", "{55E25EAA-A3F9-81D4-65D4-4838C4EEE88E}"
EndProject
Project("{FAE04EC0-301F-11D3-BF4B-00C04F79EFBC}") = "noob.Architecture.Clean", "noob.Architecture\Clean\noob.Architecture.Clean.csproj", "{C45E0DA5-24FF-4905-882A-F897943DC60C}"
EndProject
Project("{2150E333-8FDC-42A3-9474-1A3956D46DE8}") = "VerticalSlice", "VerticalSlice", "{5B29EEB0-62F2-4CFB-EDEF-052EA17CD570}"
EndProject
Project("{FAE04EC0-301F-11D3-BF4B-00C04F79EFBC}") = "noob.Architecture.VerticalSlice", "noob.Architecture\VerticalSlice\noob.Architecture.VerticalSlice.csproj", "{4426CA72-8AE3-4AB3-9456-10005162E8B6}"
EndProject
Global
	GlobalSection(SolutionConfigurationPlatforms) = preSolution
		Debug|Any CPU = Debug|Any CPU
		Debug|x64 = Debug|x64
		Debug|x86 = Debug|x86
		Release|Any CPU = Release|Any CPU
		Release|x64 = Release|x64
		Release|x86 = Release|x86
	EndGlobalSection
	GlobalSection(ProjectConfigurationPlatforms) = postSolution
		{5A00C8ED-5373-429D-8084-B9DBBCD2F1C7}.Debug|Any CPU.ActiveCfg = Debug|Any CPU
		{5A00C8ED-5373-429D-8084-B9DBBCD2F1C7}.Debug|Any CPU.Build.0 = Debug|Any CPU
		{5A00C8ED-5373-429D-8084-B9DBBCD2F1C7}.Debug|x64.ActiveCfg = Debug|Any CPU
		{5A00C8ED-5373-429D-8084-B9DBBCD2F1C7}.Debug|x64.Build.0 = Debug|Any CPU
		{5A00C8ED-5373-429D-8084-B9DBBCD2F1C7}.Debug|x86.ActiveCfg = Debug|Any CPU
		{5A00C8ED-5373-429D-8084-B9DBBCD2F1C7}.Debug|x86.Build.0 = Debug|Any CPU
		{5A00C8ED-5373-429D-8084-B9DBBCD2F1C7}.Release|Any CPU.ActiveCfg = Release|Any CPU
		{5A00C8ED-5373-429D-8084-B9DBBCD2F1C7}.Release|Any CPU.Build.0 = Release|Any CPU
		{5A00C8ED-5373-429D-8084-B9DBBCD2F1C7}.Release|x64.ActiveCfg = Release|Any CPU
		{5A00C8ED-5373-429D-8084-B9DBBCD2F1C7}.Release|x64.Build.0 = Release|Any CPU
		{5A00C8ED-5373-429D-8084-B9DBBCD2F1C7}.Release|x86.ActiveCfg = Release|Any CPU
		{5A00C8ED-5373-429D-8084-B9DBBCD2F1C7}.Release|x86.Build.0 = Release|Any CPU
		{B7CAE67B-B7C7-43D6-9FE8-200A99347124}.Debug|Any CPU.ActiveCfg = Debug|Any CPU
		{B7CAE67B-B7C7-43D6-9FE8-200A99347124}.Debug|Any CPU.Build.0 = Debug|Any CPU
		{B7CAE67B-B7C7-43D6-9FE8-200A99347124}.Debug|x64.ActiveCfg = Debug|Any CPU
		{B7CAE67B-B7C7-43D6-9FE8-200A99347124}.Debug|x64.Build.0 = Debug|Any CPU
		{B7CAE67B-B7C7-43D6-9FE8-200A99347124}.Debug|x86.ActiveCfg = Debug|Any CPU
		{B7CAE67B-B7C7-43D6-9FE8-200A99347124}.Debug|x86.Build.0 = Debug|Any CPU
		{B7CAE67B-B7C7-43D6-9FE8-200A99347124}.Release|Any CPU.ActiveCfg = Release|Any CPU
		{B7CAE67B-B7C7-43D6-9FE8-200A99347124}.Release|Any CPU.Build.0 = Release|Any CPU
		{B7CAE67B-B7C7-43D6-9FE8-200A99347124}.Release|x64.ActiveCfg = Release|Any CPU
		{B7CAE67B-B7C7-43D6-9FE8-200A99347124}.Release|x64.Build.0 = Release|Any CPU
		{B7CAE67B-B7C7-43D6-9FE8-200A99347124}.Release|x86.ActiveCfg = Release|Any CPU
		{B7CAE67B-B7C7-43D6-9FE8-200A99347124}.Release|x86.Build.0 = Release|Any CPU
		{9EA29486-3582-4F8B-883A-9439B05E163B}.Debug|Any CPU.ActiveCfg = Debug|Any CPU
		{9EA29486-3582-4F8B-883A-9439B05E163B}.Debug|Any CPU.Build.0 = Debug|Any CPU
		{9EA29486-3582-4F8B-883A-9439B05E163B}.Debug|x64.ActiveCfg = Debug|Any CPU
		{9EA29486-3582-4F8B-883A-9439B05E163B}.Debug|x64.Build.0 = Debug|Any CPU
		{9EA29486-3582-4F8B-883A-9439B05E163B}.Debug|x86.ActiveCfg = Debug|Any CPU
		{9EA29486-3582-4F8B-883A-9439B05E163B}.Debug|x86.Build.0 = Debug|Any CPU
		{9EA29486-3582-4F8B-883A-9439B05E163B}.Release|Any CPU.ActiveCfg = Release|Any CPU
		{9EA29486-3582-4F8B-883A-9439B05E163B}.Release|Any CPU.Build.0 = Release|Any CPU
		{9EA29486-3582-4F8B-883A-9439B05E163B}.Release|x64.ActiveCfg = Release|Any CPU
		{9EA29486-3582-4F8B-883A-9439B05E163B}.Release|x64.Build.0 = Release|Any CPU
		{9EA29486-3582-4F8B-883A-9439B05E163B}.Release|x86.ActiveCfg = Release|Any CPU
		{9EA29486-3582-4F8B-883A-9439B05E163B}.Release|x86.Build.0 = Release|Any CPU
		{B5851CEE-FEEB-4FB7-9719-D298C74AF561}.Debug|Any CPU.ActiveCfg = Debug|Any CPU
		{B5851CEE-FEEB-4FB7-9719-D298C74AF561}.Debug|Any CPU.Build.0 = Debug|Any CPU
		{B5851CEE-FEEB-4FB7-9719-D298C74AF561}.Debug|x64.ActiveCfg = Debug|Any CPU
		{B5851CEE-FEEB-4FB7-9719-D298C74AF561}.Debug|x64.Build.0 = Debug|Any CPU
		{B5851CEE-FEEB-4FB7-9719-D298C74AF561}.Debug|x86.ActiveCfg = Debug|Any CPU
		{B5851CEE-FEEB-4FB7-9719-D298C74AF561}.Debug|x86.Build.0 = Debug|Any CPU
		{B5851CEE-FEEB-4FB7-9719-D298C74AF561}.Release|Any CPU.ActiveCfg = Release|Any CPU
		{B5851CEE-FEEB-4FB7-9719-D298C74AF561}.Release|Any CPU.Build.0 = Release|Any CPU
		{B5851CEE-FEEB-4FB7-9719-D298C74AF561}.Release|x64.ActiveCfg = Release|Any CPU
		{B5851CEE-FEEB-4FB7-9719-D298C74AF561}.Release|x64.Build.0 = Release|Any CPU
		{B5851CEE-FEEB-4FB7-9719-D298C74AF561}.Release|x86.ActiveCfg = Release|Any CPU
		{B5851CEE-FEEB-4FB7-9719-D298C74AF561}.Release|x86.Build.0 = Release|Any CPU
		{2A43FDD2-8959-43F7-9AAB-DCFD66348F8C}.Debug|Any CPU.ActiveCfg = Debug|Any CPU
		{2A43FDD2-8959-43F7-9AAB-DCFD66348F8C}.Debug|Any CPU.Build.0 = Debug|Any CPU
		{2A43FDD2-8959-43F7-9AAB-DCFD66348F8C}.Debug|x64.ActiveCfg = Debug|Any CPU
		{2A43FDD2-8959-43F7-9AAB-DCFD66348F8C}.Debug|x64.Build.0 = Debug|Any CPU
		{2A43FDD2-8959-43F7-9AAB-DCFD66348F8C}.Debug|x86.ActiveCfg = Debug|Any CPU
		{2A43FDD2-8959-43F7-9AAB-DCFD66348F8C}.Debug|x86.Build.0 = Debug|Any CPU
		{2A43FDD2-8959-43F7-9AAB-DCFD66348F8C}.Release|Any CPU.ActiveCfg = Release|Any CPU
		{2A43FDD2-8959-43F7-9AAB-DCFD66348F8C}.Release|Any CPU.Build.0 = Release|Any CPU
		{2A43FDD2-8959-43F7-9AAB-DCFD66348F8C}.Release|x64.ActiveCfg = Release|Any CPU
		{2A43FDD2-8959-43F7-9AAB-DCFD66348F8C}.Release|x64.Build.0 = Release|Any CPU
		{2A43FDD2-8959-43F7-9AAB-DCFD66348F8C}.Release|x86.ActiveCfg = Release|Any CPU
		{2A43FDD2-8959-43F7-9AAB-DCFD66348F8C}.Release|x86.Build.0 = Release|Any CPU
		{E598108C-28FE-463F-9FBF-600D95437D53}.Debug|Any CPU.ActiveCfg = Debug|Any CPU
		{E598108C-28FE-463F-9FBF-600D95437D53}.Debug|Any CPU.Build.0 = Debug|Any CPU
		{E598108C-28FE-463F-9FBF-600D95437D53}.Debug|x64.ActiveCfg = Debug|Any CPU
		{E598108C-28FE-463F-9FBF-600D95437D53}.Debug|x64.Build.0 = Debug|Any CPU
		{E598108C-28FE-463F-9FBF-600D95437D53}.Debug|x86.ActiveCfg = Debug|Any CPU
		{E598108C-28FE-463F-9FBF-600D95437D53}.Debug|x86.Build.0 = Debug|Any CPU
		{E598108C-28FE-463F-9FBF-600D95437D53}.Release|Any CPU.ActiveCfg = Release|Any CPU
		{E598108C-28FE-463F-9FBF-600D95437D53}.Release|Any CPU.Build.0 = Release|Any CPU
		{E598108C-28FE-463F-9FBF-600D95437D53}.Release|x64.ActiveCfg = Release|Any CPU
		{E598108C-28FE-463F-9FBF-600D95437D53}.Release|x64.Build.0 = Release|Any CPU
		{E598108C-28FE-463F-9FBF-600D95437D53}.Release|x86.ActiveCfg = Release|Any CPU
		{E598108C-28FE-463F-9FBF-600D95437D53}.Release|x86.Build.0 = Release|Any CPU
		{98EC7515-3308-43F1-9F6B-9194EBE6C2B5}.Debug|Any CPU.ActiveCfg = Debug|Any CPU
		{98EC7515-3308-43F1-9F6B-9194EBE6C2B5}.Debug|Any CPU.Build.0 = Debug|Any CPU
		{98EC7515-3308-43F1-9F6B-9194EBE6C2B5}.Debug|x64.ActiveCfg = Debug|Any CPU
		{98EC7515-3308-43F1-9F6B-9194EBE6C2B5}.Debug|x64.Build.0 = Debug|Any CPU
		{98EC7515-3308-43F1-9F6B-9194EBE6C2B5}.Debug|x86.ActiveCfg = Debug|Any CPU
		{98EC7515-3308-43F1-9F6B-9194EBE6C2B5}.Debug|x86.Build.0 = Debug|Any CPU
		{98EC7515-3308-43F1-9F6B-9194EBE6C2B5}.Release|Any CPU.ActiveCfg = Release|Any CPU
		{98EC7515-3308-43F1-9F6B-9194EBE6C2B5}.Release|Any CPU.Build.0 = Release|Any CPU
		{98EC7515-3308-43F1-9F6B-9194EBE6C2B5}.Release|x64.ActiveCfg = Release|Any CPU
		{98EC7515-3308-43F1-9F6B-9194EBE6C2B5}.Release|x64.Build.0 = Release|Any CPU
		{98EC7515-3308-43F1-9F6B-9194EBE6C2B5}.Release|x86.ActiveCfg = Release|Any CPU
		{98EC7515-3308-43F1-9F6B-9194EBE6C2B5}.Release|x86.Build.0 = Release|Any CPU
		{C45E0DA5-24FF-4905-882A-F897943DC60C}.Debug|Any CPU.ActiveCfg = Debug|Any CPU
		{C45E0DA5-24FF-4905-882A-F897943DC60C}.Debug|Any CPU.Build.0 = Debug|Any CPU
		{C45E0DA5-24FF-4905-882A-F897943DC60C}.Debug|x64.ActiveCfg = Debug|Any CPU
		{C45E0DA5-24FF-4905-882A-F897943DC60C}.Debug|x64.Build.0 = Debug|Any CPU
		{C45E0DA5-24FF-4905-882A-F897943DC60C}.Debug|x86.ActiveCfg = Debug|Any CPU
		{C45E0DA5-24FF-4905-882A-F897943DC60C}.Debug|x86.Build.0 = Debug|Any CPU
		{C45E0DA5-24FF-4905-882A-F897943DC60C}.Release|Any CPU.ActiveCfg = Release|Any CPU
		{C45E0DA5-24FF-4905-882A-F897943DC60C}.Release|Any CPU.Build.0 = Release|Any CPU
		{C45E0DA5-24FF-4905-882A-F897943DC60C}.Release|x64.ActiveCfg = Release|Any CPU
		{C45E0DA5-24FF-4905-882A-F897943DC60C}.Release|x64.Build.0 = Release|Any CPU
		{C45E0DA5-24FF-4905-882A-F897943DC60C}.Release|x86.ActiveCfg = Release|Any CPU
		{C45E0DA5-24FF-4905-882A-F897943DC60C}.Release|x86.Build.0 = Release|Any CPU
		{4426CA72-8AE3-4AB3-9456-10005162E8B6}.Debug|Any CPU.ActiveCfg = Debug|Any CPU
		{4426CA72-8AE3-4AB3-9456-10005162E8B6}.Debug|Any CPU.Build.0 = Debug|Any CPU
		{4426CA72-8AE3-4AB3-9456-10005162E8B6}.Debug|x64.ActiveCfg = Debug|Any CPU
		{4426CA72-8AE3-4AB3-9456-10005162E8B6}.Debug|x64.Build.0 = Debug|Any CPU
		{4426CA72-8AE3-4AB3-9456-10005162E8B6}.Debug|x86.ActiveCfg = Debug|Any CPU
		{4426CA72-8AE3-4AB3-9456-10005162E8B6}.Debug|x86.Build.0 = Debug|Any CPU
		{4426CA72-8AE3-4AB3-9456-10005162E8B6}.Release|Any CPU.ActiveCfg = Release|Any CPU
		{4426CA72-8AE3-4AB3-9456-10005162E8B6}.Release|Any CPU.Build.0 = Release|Any CPU
		{4426CA72-8AE3-4AB3-9456-10005162E8B6}.Release|x64.ActiveCfg = Release|Any CPU
		{4426CA72-8AE3-4AB3-9456-10005162E8B6}.Release|x64.Build.0 = Release|Any CPU
		{4426CA72-8AE3-4AB3-9456-10005162E8B6}.Release|x86.ActiveCfg = Release|Any CPU
		{4426CA72-8AE3-4AB3-9456-10005162E8B6}.Release|x86.Build.0 = Release|Any CPU
	EndGlobalSection
	GlobalSection(SolutionProperties) = preSolution
		HideSolutionNode = FALSE
	EndGlobalSection
	GlobalSection(NestedProjects) = preSolution
		{533FCD0B-A74B-3EEB-B29B-BFF1CD33D804} = {55200B0B-3CC7-2E21-3882-4CF8C02D1184}
		{E598108C-28FE-463F-9FBF-600D95437D53} = {533FCD0B-A74B-3EEB-B29B-BFF1CD33D804}
		{C841710D-989F-CB63-8C93-82A13FA857C9} = {55200B0B-3CC7-2E21-3882-4CF8C02D1184}
		{98EC7515-3308-43F1-9F6B-9194EBE6C2B5} = {C841710D-989F-CB63-8C93-82A13FA857C9}
		{55E25EAA-A3F9-81D4-65D4-4838C4EEE88E} = {55200B0B-3CC7-2E21-3882-4CF8C02D1184}
		{C45E0DA5-24FF-4905-882A-F897943DC60C} = {55E25EAA-A3F9-81D4-65D4-4838C4EEE88E}
		{5B29EEB0-62F2-4CFB-EDEF-052EA17CD570} = {55200B0B-3CC7-2E21-3882-4CF8C02D1184}
		{4426CA72-8AE3-4AB3-9456-10005162E8B6} = {5B29EEB0-62F2-4CFB-EDEF-052EA17CD570}
	EndGlobalSection
	GlobalSection(ExtensibilityGlobals) = postSolution
		SolutionGuid = {C40BA08C-F418-47B7-BC3E-65F4327007D9}
	EndGlobalSection
EndGlobal
